
Microsoft Visual Studio Solution File, Format Version 12.00
# Visual Studio Version 17
VisualStudioVersion = 17.6.33815.320
MinimumVisualStudioVersion = 10.0.40219.1
Project("{FAE04EC0-301F-11D3-BF4B-00C04F79EFBC}") = "BookAPI", "BookAPI.csproj", "{D5F57EAC-09A5-4DBB-825D-644C01DE7ADC}"
EndProject
Global
	GlobalSection(SolutionConfigurationPlatforms) = preSolution
		Debug|Any CPU = Debug|Any CPU
		Release|Any CPU = Release|Any CPU
	EndGlobalSection
	GlobalSection(ProjectConfigurationPlatforms) = postSolution
		{D5F57EAC-09A5-4DBB-825D-644C01DE7ADC}.Debug|Any CPU.ActiveCfg = Debug|Any CPU
		{D5F57EAC-09A5-4DBB-825D-644C01DE7ADC}.Debug|Any CPU.Build.0 = Debug|Any CPU
		{D5F57EAC-09A5-4DBB-825D-644C01DE7ADC}.Release|Any CPU.ActiveCfg = Release|Any CPU
		{D5F57EAC-09A5-4DBB-825D-644C01DE7ADC}.Release|Any CPU.Build.0 = Release|Any CPU
	EndGlobalSection
	GlobalSection(SolutionProperties) = preSolution
		HideSolutionNode = FALSE
	EndGlobalSection
	GlobalSection(ExtensibilityGlobals) = postSolution
		SolutionGuid = {B7CC7EF3-4538-4E5E-9529-B08C675E7D5C}
	EndGlobalSection
EndGlobal
